
Microsoft Visual Studio Solution File, Format Version 12.00
# Visual Studio Version 17
VisualStudioVersion = 17.9.34728.123
MinimumVisualStudioVersion = 10.0.40219.1
Project("{FAE04EC0-301F-11D3-BF4B-00C04F79EFBC}") = "function", "function\function.csproj", "{8D09DFD2-2BE8-4C5E-A75A-069DB9D214A4}"
EndProject
Global
	GlobalSection(SolutionConfigurationPlatforms) = preSolution
		Debug|Any CPU = Debug|Any CPU
		Release|Any CPU = Release|Any CPU
	EndGlobalSection
	GlobalSection(ProjectConfigurationPlatforms) = postSolution
		{8D09DFD2-2BE8-4C5E-A75A-069DB9D214A4}.Debug|Any CPU.ActiveCfg = Debug|Any CPU
		{8D09DFD2-2BE8-4C5E-A75A-069DB9D214A4}.Debug|Any CPU.Build.0 = Debug|Any CPU
		{8D09DFD2-2BE8-4C5E-A75A-069DB9D214A4}.Release|Any CPU.ActiveCfg = Release|Any CPU
		{8D09DFD2-2BE8-4C5E-A75A-069DB9D214A4}.Release|Any CPU.Build.0 = Release|Any CPU
	EndGlobalSection
	GlobalSection(SolutionProperties) = preSolution
		HideSolutionNode = FALSE
	EndGlobalSection
	GlobalSection(ExtensibilityGlobals) = postSolution
		SolutionGuid = {AB884B49-0F00-463A-A718-A8BA59573AA0}
	EndGlobalSection
EndGlobal
